Microsoft Visual Studio Solution File, Format Version 11.00
# Visual Studio 2008

Project("{AD9AE4EE-7D74-4079-80E8-3150B71127C4}") = "ClickPunch", "Assembly-CSharp.csproj", "{AD3DBB47-5109-91C6-1A88-49A69AB824FC}"
EndProject
Global
	GlobalSection(SolutionConfigurationPlatforms) = preSolution
		Debug|Any CPU = Debug|Any CPU
		Release|Any CPU = Release|Any CPU
	EndGlobalSection
	GlobalSection(ProjectConfigurationPlatforms) = postSolution
		{AD3DBB47-5109-91C6-1A88-49A69AB824FC}.Debug|Any CPU.ActiveCfg = Debug|Any CPU
		{AD3DBB47-5109-91C6-1A88-49A69AB824FC}.Debug|Any CPU.Build.0 = Debug|Any CPU
		{AD3DBB47-5109-91C6-1A88-49A69AB824FC}.Release|Any CPU.ActiveCfg = Release|Any CPU
		{AD3DBB47-5109-91C6-1A88-49A69AB824FC}.Release|Any CPU.Build.0 = Release|Any CPU
	EndGlobalSection
	GlobalSection(SolutionProperties) = preSolution
		HideSolutionNode = FALSE
	EndGlobalSection
	GlobalSection(MonoDevelopProperties) = preSolution
		StartupItem = Assembly-CSharp.csproj
	EndGlobalSection
EndGlobal
